// !$*UTF8*$!
{
	archiveVersion = 1;
	classes = {
	};
	objectVersion = 46;
	objects = {

/* Begin PBXBuildFile section */
		4D9121141E822AED00281D40 /* main.m in Sources */ = {isa = PBXBuildFile; fileRef = 4D9121131E822AED00281D40 /* main.m */; };
		4D9121171E822AED00281D40 /* AppDelegate.m in Sources */ = {isa = PBXBuildFile; fileRef = 4D9121161E822AED00281D40 /* AppDelegate.m */; };
		4D91211A1E822AED00281D40 /* ViewController.m in Sources */ = {isa = PBXBuildFile; fileRef = 4D9121191E822AED00281D40 /* ViewController.m */; };
		4D91211D1E822AEE00281D40 /* Main.storyboard in Resources */ = {isa = PBXBuildFile; fileRef = 4D91211B1E822AEE00281D40 /* Main.storyboard */; };
		4D91211F1E822AEE00281D40 /* Assets.xcassets in Resources */ = {isa = PBXBuildFile; fileRef = 4D91211E1E822AEE00281D40 /* Assets.xcassets */; };
		4D9121221E822AEE00281D40 /* LaunchScreen.storyboard in Resources */ = {isa = PBXBuildFile; fileRef = 4D9121201E822AEE00281D40 /* LaunchScreen.storyboard */; };
		4D91212D1E822BD900281D40 /* GZLabel.m in Sources */ = {isa = PBXBuildFile; fileRef = 4D91212C1E822BD900281D40 /* GZLabel.m */; };
		4D9121301E822BF500281D40 /* GZButton.m in Sources */ = {isa = PBXBuildFile; fileRef = 4D91212F1E822BF500281D40 /* GZButton.m */; };
		4D9121331E82618000281D40 /* GZWebViewController.m in Sources */ = {isa = PBXBuildFile; fileRef = 4D9121321E82618000281D40 /* GZWebViewController.m */; };
/* End PBXBuildFile section */

/* Begin PBXFileReference section */
		4D91210F1E822AED00281D40 /* GZKit.app */ = {isa = PBXFileReference; explicitFileType = wrapper.application; includeInIndex = 0; path = GZKit.app; sourceTree = BUILT_PRODUCTS_DIR; };
		4D9121131E822AED00281D40 /* main.m */ = {isa = PBXFileReference; lastKnownFileType = sourcecode.c.objc; path = main.m; sourceTree = "<group>"; };
		4D9121151E822AED00281D40 /* AppDelegate.h */ = {isa = PBXFileReference; lastKnownFileType = sourcecode.c.h; path = AppDelegate.h; sourceTree = "<group>"; };
		4D9121161E822AED00281D40 /* AppDelegate.m */ = {isa = PBXFileReference; lastKnownFileType = sourcecode.c.objc; path = AppDelegate.m; sourceTree = "<group>"; };
		4D9121181E822AED00281D40 /* ViewController.h */ = {isa = PBXFileReference; lastKnownFileType = sourcecode.c.h; path = ViewController.h; sourceTree = "<group>"; };
		4D9121191E822AED00281D40 /* ViewController.m */ = {isa = PBXFileReference; lastKnownFileType = sourcecode.c.objc; path = ViewController.m; sourceTree = "<group>"; };
		4D91211C1E822AEE00281D40 /* Base */ = {isa = PBXFileReference; lastKnownFileType = file.storyboard; name = Base; path = Base.lproj/Main.storyboard; sourceTree = "<group>"; };
		4D91211E1E822AEE00281D40 /* Assets.xcassets */ = {isa = PBXFileReference; lastKnownFileType = folder.assetcatalog; path = Assets.xcassets; sourceTree = "<group>"; };
		4D9121211E822AEE00281D40 /* Base */ = {isa = PBXFileReference; lastKnownFileType = file.storyboard; name = Base; path = Base.lproj/LaunchScreen.storyboard; sourceTree = "<group>"; };
		4D9121231E822AEE00281D40 /* Info.plist */ = {isa = PBXFileReference; lastKnownFileType = text.plist.xml; path = Info.plist; sourceTree = "<group>"; };
		4D91212B1E822BD900281D40 /* GZLabel.h */ = {isa = PBXFileReference; fileEncoding = 4; lastKnownFileType = sourcecode.c.h; path = GZLabel.h; sourceTree = "<group>"; };
		4D91212C1E822BD900281D40 /* GZLabel.m */ = {isa = PBXFileReference; fileEncoding = 4; lastKnownFileType = sourcecode.c.objc; path = GZLabel.m; sourceTree = "<group>"; };
		4D91212E1E822BF500281D40 /* GZButton.h */ = {isa = PBXFileReference; fileEncoding = 4; lastKnownFileType = sourcecode.c.h; path = GZButton.h; sourceTree = "<group>"; };
		4D91212F1E822BF500281D40 /* GZButton.m */ = {isa = PBXFileReference; fileEncoding = 4; lastKnownFileType = sourcecode.c.objc; path = GZButton.m; sourceTree = "<group>"; };
		4D9121311E82618000281D40 /* GZWebViewController.h */ = {isa = PBXFileReference; fileEncoding = 4; lastKnownFileType = sourcecode.c.h; path = GZWebViewController.h; sourceTree = "<group>"; };
		4D9121321E82618000281D40 /* GZWebViewController.m */ = {isa = PBXFileReference; fileEncoding = 4; lastKnownFileType = sourcecode.c.objc; path = GZWebViewController.m; sourceTree = "<group>"; };
/* End PBXFileReference section */

/* Begin PBXFrameworksBuildPhase section */
		4D91210C1E822AED00281D40 /* Frameworks */ = {
			isa = PBXFrameworksBuildPhase;
			buildActionMask = 2147483647;
			files = (
			);
			runOnlyForDeploymentPostprocessing = 0;
		};
/* End PBXFrameworksBuildPhase section */

/* Begin PBXGroup section */
		4D9121061E822AED00281D40 = {
			isa = PBXGroup;
			children = (
				4D9121111E822AED00281D40 /* GZKit */,
				4D9121101E822AED00281D40 /* Products */,
			);
			sourceTree = "<group>";
		};
		4D9121101E822AED00281D40 /* Products */ = {
			isa = PBXGroup;
			children = (
				4D91210F1E822AED00281D40 /* GZKit.app */,
			);
			name = Products;
			sourceTree = "<group>";
		};
		4D9121111E822AED00281D40 /* GZKit */ = {
			isa = PBXGroup;
			children = (
				4D9121291E822B9600281D40 /* GZLabel */,
				4D91212A1E822BAE00281D40 /* GZButton */,
				4D9121151E822AED00281D40 /* AppDelegate.h */,
				4D9121161E822AED00281D40 /* AppDelegate.m */,
				4D9121181E822AED00281D40 /* ViewController.h */,
				4D9121191E822AED00281D40 /* ViewController.m */,
				4D9121311E82618000281D40 /* GZWebViewController.h */,
				4D9121321E82618000281D40 /* GZWebViewController.m */,
				4D91211B1E822AEE00281D40 /* Main.storyboard */,
				4D91211E1E822AEE00281D40 /* Assets.xcassets */,
				4D9121201E822AEE00281D40 /* LaunchScreen.storyboard */,
				4D9121231E822AEE00281D40 /* Info.plist */,
				4D9121121E822AED00281D40 /* Supporting Files */,
			);
			path = GZKit;
			sourceTree = "<group>";
		};
		4D9121121E822AED00281D40 /* Supporting Files */ = {
			isa = PBXGroup;
			children = (
				4D9121131E822AED00281D40 /* main.m */,
			);
			name = "Supporting Files";
			sourceTree = "<group>";
		};
		4D9121291E822B9600281D40 /* GZLabel */ = {
			isa = PBXGroup;
			children = (
				4D91212B1E822BD900281D40 /* GZLabel.h */,
				4D91212C1E822BD900281D40 /* GZLabel.m */,
			);
			path = GZLabel;
			sourceTree = "<group>";
		};
		4D91212A1E822BAE00281D40 /* GZButton */ = {
			isa = PBXGroup;
			children = (
				4D91212E1E822BF500281D40 /* GZButton.h */,
				4D91212F1E822BF500281D40 /* GZButton.m */,
			);
			path = GZButton;
			sourceTree = "<group>";
		};
/* End PBXGroup section */

/* Begin PBXNativeTarget section */
		4D91210E1E822AED00281D40 /* GZKit */ = {
			isa = PBXNativeTarget;
			buildConfigurationList = 4D9121261E822AEE00281D40 /* Build configuration list for PBXNativeTarget "GZKit" */;
			buildPhases = (
				4D91210B1E822AED00281D40 /* Sources */,
				4D91210C1E822AED00281D40 /* Frameworks */,
				4D91210D1E822AED00281D40 /* Resources */,
			);
			buildRules = (
			);
			dependencies = (
			);
			name = GZKit;
			productName = GZKit;
			productReference = 4D91210F1E822AED00281D40 /* GZKit.app */;
			productType = "com.apple.product-type.application";
		};
/* End PBXNativeTarget section */

/* Begin PBXProject section */
		4D9121071E822AED00281D40 /* Project object */ = {
			isa = PBXProject;
			attributes = {
				LastUpgradeCheck = 0820;
				ORGANIZATIONNAME = Mr.quan;
				TargetAttributes = {
					4D91210E1E822AED00281D40 = {
						CreatedOnToolsVersion = 8.2.1;
						DevelopmentTeam = F2T2LGK5KS;
						ProvisioningStyle = Automatic;
					};
				};
			};
			buildConfigurationList = 4D91210A1E822AED00281D40 /* Build configuration list for PBXProject "GZKit" */;
			compatibilityVersion = "Xcode 3.2";
			developmentRegion = English;
			hasScannedForEncodings = 0;
			knownRegions = (
				en,
				Base,
			);
			mainGroup = 4D9121061E822AED00281D40;
			productRefGroup = 4D9121101E822AED00281D40 /* Products */;
			projectDirPath = "";
			projectRoot = "";
			targets = (
				4D91210E1E822AED00281D40 /* GZKit */,
			);
		};
/* End PBXProject section */

/* Begin PBXResourcesBuildPhase section */
		4D91210D1E822AED00281D40 /* Resources */ = {
			isa = PBXResourcesBuildPhase;
			buildActionMask = 2147483647;
			files = (
				4D9121221E822AEE00281D40 /* LaunchScreen.storyboard in Resources */,
				4D91211F1E822AEE00281D40 /* Assets.xcassets in Resources */,
				4D91211D1E822AEE00281D40 /* Main.storyboard in Resources */,
			);
			runOnlyForDeploymentPostprocessing = 0;
		};
/* End PBXResourcesBuildPhase section */

/* Begin PBXSourcesBuildPhase section */
		4D91210B1E822AED00281D40 /* Sources */ = {
			isa = PBXSourcesBuildPhase;
			buildActionMask = 2147483647;
			files = (
				4D91211A1E822AED00281D40 /* ViewController.m in Sources */,
				4D91212D1E822BD900281D40 /* GZLabel.m in Sources */,
				4D9121331E82618000281D40 /* GZWebViewController.m in Sources */,
				4D9121171E822AED00281D40 /* AppDelegate.m in Sources */,
				4D9121301E822BF500281D40 /* GZButton.m in Sources */,
				4D9121141E822AED00281D40 /* main.m in Sources */,
			);
			runOnlyForDeploymentPostprocessing = 0;
		};
/* End PBXSourcesBuildPhase section */

/* Begin PBXVariantGroup section */
		4D91211B1E822AEE00281D40 /* Main.storyboard */ = {
			isa = PBXVariantGroup;
			children = (
				4D91211C1E822AEE00281D40 /* Base */,
			);
			name = Main.storyboard;
			sourceTree = "<group>";
		};
		4D9121201E822AEE00281D40 /* LaunchScreen.storyboard */ = {
			isa = PBXVariantGroup;
			children = (
				4D9121211E822AEE00281D40 /* Base */,
			);
			name = LaunchScreen.storyboard;
			sourceTree = "<group>";
		};
/* End PBXVariantGroup section */

/* Begin XCBuildConfiguration section */
		4D9121241E822AEE00281D40 /* Debug */ = {
			isa = XCBuildConfiguration;
			buildSettings = {
				ALWAYS_SEARCH_USER_PATHS = NO;
				CLANG_ANALYZER_NONNULL = YES;
				CLANG_CXX_LANGUAGE_STANDARD = "gnu++0x";
				CLANG_CXX_LIBRARY = "libc++";
				CLANG_ENABLE_MODULES = YES;
				CLANG_ENABLE_OBJC_ARC = YES;
				CLANG_WARN_BOOL_CONVERSION = YES;
				CLANG_WARN_CONSTANT_CONVERSION = YES;
				CLANG_WARN_DIRECT_OBJC_ISA_USAGE = YES_ERROR;
				CLANG_WARN_DOCUMENTATION_COMMENTS = YES;
				CLANG_WARN_EMPTY_BODY = YES;
				CLANG_WARN_ENUM_CONVERSION = YES;
				CLANG_WARN_INFINITE_RECURSION = YES;
				CLANG_WARN_INT_CONVERSION = YES;
				CLANG_WARN_OBJC_ROOT_CLASS = YES_ERROR;
				CLANG_WARN_SUSPICIOUS_MOVE = YES;
				CLANG_WARN_UNREACHABLE_CODE = YES;
				CLANG_WARN__DUPLICATE_METHOD_MATCH = YES;
				"CODE_SIGN_IDENTITY[sdk=iphoneos*]" = "iPhone Developer";
				COPY_PHASE_STRIP = NO;
				DEBUG_INFORMATION_FORMAT = dwarf;
				ENABLE_STRICT_OBJC_MSGSEND = YES;
				ENABLE_TESTABILITY = YES;
				GCC_C_LANGUAGE_STANDARD = gnu99;
				GCC_DYNAMIC_NO_PIC = NO;
				GCC_NO_COMMON_BLOCKS = YES;
				GCC_OPTIMIZATION_LEVEL = 0;
				GCC_PREPROCESSOR_DEFINITIONS = (
					"DEBUG=1",
					"$(inherited)",
				);
				GCC_WARN_64_TO_32_BIT_CONVERSION = YES;
				GCC_WARN_ABOUT_RETURN_TYPE = YES_ERROR;
				GCC_WARN_UNDECLARED_SELECTOR = YES;
				GCC_WARN_UNINITIALIZED_AUTOS = YES_AGGRESSIVE;
				GCC_WARN_UNUSED_FUNCTION = YES;
				GCC_WARN_UNUSED_VARIABLE = YES;
				IPHONEOS_DEPLOYMENT_TARGET = 10.2;
				MTL_ENABLE_DEBUG_INFO = YES;
				ONLY_ACTIVE_ARCH = YES;
				SDKROOT = iphoneos;
			};
			name = Debug;
		};
		4D9121251E822AEE00281D40 /* Release */ = {
			isa = XCBuildConfiguration;
			buildSettings = {
				ALWAYS_SEARCH_USER_PATHS = NO;
				CLANG_ANALYZER_NONNULL = YES;
				CLANG_CXX_LANGUAGE_STANDARD = "gnu++0x";
				CLANG_CXX_LIBRARY = "libc++";
				CLANG_ENABLE_MODULES = YES;
				CLANG_ENABLE_OBJC_ARC = YES;
				CLANG_WARN_BOOL_CONVERSION = YES;
				CLANG_WARN_CONSTANT_CONVERSION = YES;
				CLANG_WARN_DIRECT_OBJC_ISA_USAGE = YES_ERROR;
				CLANG_WARN_DOCUMENTATION_COMMENTS = YES;
				CLANG_WARN_EMPTY_BODY = YES;
				CLANG_WARN_ENUM_CONVERSION = YES;
				CLANG_WARN_INFINITE_RECURSION = YES;
				CLANG_WARN_INT_CONVERSION = YES;
				CLANG_WARN_OBJC_ROOT_CLASS = YES_ERROR;
				CLANG_WARN_SUSPICIOUS_MOVE = YES;
				CLANG_WARN_UNREACHABLE_CODE = YES;
				CLANG_WARN__DUPLICATE_METHOD_MATCH = YES;
				"CODE_SIGN_IDENTITY[sdk=iphoneos*]" = "iPhone Developer";
				COPY_PHASE_STRIP = NO;
				DEBUG_INFORMATION_FORMAT = "dwarf-with-dsym";
				ENABLE_NS_ASSERTIONS = NO;
				ENABLE_STRICT_OBJC_MSGSEND = YES;
				GCC_C_LANGUAGE_STANDARD = gnu99;
				GCC_NO_COMMON_BLOCKS = YES;
				GCC_WARN_64_TO_32_BIT_CONVERSION = YES;
				GCC_WARN_ABOUT_RETURN_TYPE = YES_ERROR;
				GCC_WARN_UNDECLARED_SELECTOR = YES;
				GCC_WARN_UNINITIALIZED_AUTOS = YES_AGGRESSIVE;
				GCC_WARN_UNUSED_FUNCTION = YES;
				GCC_WARN_UNUSED_VARIABLE = YES;
				IPHONEOS_DEPLOYMENT_TARGET = 10.2;
				MTL_ENABLE_DEBUG_INFO = NO;
				SDKROOT = iphoneos;
				VALIDATE_PRODUCT = YES;
			};
			name = Release;
		};
		4D9121271E822AEE00281D40 /* Debug */ = {
			isa = XCBuildConfiguration;
			buildSettings = {
				ASSETCATALOG_COMPILER_APPICON_NAME = AppIcon;
				DEVELOPMENT_TEAM = F2T2LGK5KS;
				INFOPLIST_FILE = GZKit/Info.plist;
				LD_RUNPATH_SEARCH_PATHS = "$(inherited) @executable_path/Frameworks";
				PRODUCT_BUNDLE_IDENTIFIER = com.xinshijie.cn.GZKit;
				PRODUCT_NAME = "$(TARGET_NAME)";
			};
			name = Debug;
		};
		4D9121281E822AEE00281D40 /* Release */ = {
			isa = XCBuildConfiguration;
			buildSettings = {
				ASSETCATALOG_COMPILER_APPICON_NAME = AppIcon;
				DEVELOPMENT_TEAM = F2T2LGK5KS;
				INFOPLIST_FILE = GZKit/Info.plist;
				LD_RUNPATH_SEARCH_PATHS = "$(inherited) @executable_path/Frameworks";
				PRODUCT_BUNDLE_IDENTIFIER = com.xinshijie.cn.GZKit;
				PRODUCT_NAME = "$(TARGET_NAME)";
			};
			name = Release;
		};
/* End XCBuildConfiguration section */

/* Begin XCConfigurationList section */
		4D91210A1E822AED00281D40 /* Build configuration list for PBXProject "GZKit" */ = {
			isa = XCConfigurationList;
			buildConfigurations = (
				4D9121241E822AEE00281D40 /* Debug */,
				4D9121251E822AEE00281D40 /* Release */,
			);
			defaultConfigurationIsVisible = 0;
			defaultConfigurationName = Release;
		};
		4D9121261E822AEE00281D40 /* Build configuration list for PBXNativeTarget "GZKit" */ = {
			isa = XCConfigurationList;
			buildConfigurations = (
				4D9121271E822AEE00281D40 /* Debug */,
				4D9121281E822AEE00281D40 /* Release */,
			);
			defaultConfigurationIsVisible = 0;
		};
/* End XCConfigurationList section */
	};
	rootObject = 4D9121071E822AED00281D40 /* Project object */;
}
